// !$*UTF8*$!
{
	archiveVersion = 1;
	classes = {
	};
	objectVersion = 56;
	objects = {

/* Begin PBXBuildFile section */
		32BD7C8E2A6F59CD00216583 /* CWCLearningApp.swift in Sources */ = {isa = PBXBuildFile; fileRef = 32BD7C8D2A6F59CD00216583 /* CWCLearningApp.swift */; };
		32BD7C902A6F59CD00216583 /* HomeView.swift in Sources */ = {isa = PBXBuildFile; fileRef = 32BD7C8F2A6F59CD00216583 /* HomeView.swift */; };
		32BD7C922A6F59CF00216583 /* Assets.xcassets in Resources */ = {isa = PBXBuildFile; fileRef = 32BD7C912A6F59CF00216583 /* Assets.xcassets */; };
		32BD7C952A6F59CF00216583 /* Preview Assets.xcassets in Resources */ = {isa = PBXBuildFile; fileRef = 32BD7C942A6F59CF00216583 /* Preview Assets.xcassets */; };
		32BD7CA22A6F5B6B00216583 /* ContentModel.swift in Sources */ = {isa = PBXBuildFile; fileRef = 32BD7CA12A6F5B6B00216583 /* ContentModel.swift */; };
		32BD7CA82A6F64F400216583 /* style.html in Resources */ = {isa = PBXBuildFile; fileRef = 32BD7CA72A6F64F400216583 /* style.html */; };
		32BD7CAA2A6F661C00216583 /* Models.swift in Sources */ = {isa = PBXBuildFile; fileRef = 32BD7CA92A6F661C00216583 /* Models.swift */; };
		32BD7CAC2A6F6A0900216583 /* DataService.swift in Sources */ = {isa = PBXBuildFile; fileRef = 32BD7CAB2A6F6A0900216583 /* DataService.swift */; };
		32BD7CAE2A7018AC00216583 /* HomeViewRow.swift in Sources */ = {isa = PBXBuildFile; fileRef = 32BD7CAD2A7018AC00216583 /* HomeViewRow.swift */; };
		32BD7CB02A7065FC00216583 /* ContentView.swift in Sources */ = {isa = PBXBuildFile; fileRef = 32BD7CAF2A7065FC00216583 /* ContentView.swift */; };
		32F261122A6F5FA20018DD35 /* data.json in Resources */ = {isa = PBXBuildFile; fileRef = 32F261112A6F5FA20018DD35 /* data.json */; };
/* End PBXBuildFile section */

/* Begin PBXFileReference section */
		32BD7C8A2A6F59CD00216583 /* CWCLearningApp.app */ = {isa = PBXFileReference; explicitFileType = wrapper.application; includeInIndex = 0; path = CWCLearningApp.app; sourceTree = BUILT_PRODUCTS_DIR; };
		32BD7C8D2A6F59CD00216583 /* CWCLearningApp.swift */ = {isa = PBXFileReference; lastKnownFileType = sourcecode.swift; path = CWCLearningApp.swift; sourceTree = "<group>"; };
		32BD7C8F2A6F59CD00216583 /* HomeView.swift */ = {isa = PBXFileReference; lastKnownFileType = sourcecode.swift; path = HomeView.swift; sourceTree = "<group>"; };
		32BD7C912A6F59CF00216583 /* Assets.xcassets */ = {isa = PBXFileReference; lastKnownFileType = folder.assetcatalog; path = Assets.xcassets; sourceTree = "<group>"; };
		32BD7C942A6F59CF00216583 /* Preview Assets.xcassets */ = {isa = PBXFileReference; lastKnownFileType = folder.assetcatalog; path = "Preview Assets.xcassets"; sourceTree = "<group>"; };
		32BD7CA12A6F5B6B00216583 /* ContentModel.swift */ = {isa = PBXFileReference; lastKnownFileType = sourcecode.swift; path = ContentModel.swift; sourceTree = "<group>"; };
		32BD7CA72A6F64F400216583 /* style.html */ = {isa = PBXFileReference; fileEncoding = 4; lastKnownFileType = text.html; path = style.html; sourceTree = "<group>"; };
		32BD7CA92A6F661C00216583 /* Models.swift */ = {isa = PBXFileReference; lastKnownFileType = sourcecode.swift; path = Models.swift; sourceTree = "<group>"; };
		32BD7CAB2A6F6A0900216583 /* DataService.swift */ = {isa = PBXFileReference; lastKnownFileType = sourcecode.swift; path = DataService.swift; sourceTree = "<group>"; };
		32BD7CAD2A7018AC00216583 /* HomeViewRow.swift */ = {isa = PBXFileReference; lastKnownFileType = sourcecode.swift; path = HomeViewRow.swift; sourceTree = "<group>"; };
		32BD7CAF2A7065FC00216583 /* ContentView.swift */ = {isa = PBXFileReference; lastKnownFileType = sourcecode.swift; path = ContentView.swift; sourceTree = "<group>"; };
		32F261112A6F5FA20018DD35 /* data.json */ = {isa = PBXFileReference; fileEncoding = 4; lastKnownFileType = text.json; path = data.json; sourceTree = "<group>"; };
/* End PBXFileReference section */

/* Begin PBXFrameworksBuildPhase section */
		32BD7C872A6F59CD00216583 /* Frameworks */ = {
			isa = PBXFrameworksBuildPhase;
			buildActionMask = 2147483647;
			files = (
			);
			runOnlyForDeploymentPostprocessing = 0;
		};
/* End PBXFrameworksBuildPhase section */

/* Begin PBXGroup section */
		32BD7C812A6F59CC00216583 = {
			isa = PBXGroup;
			children = (
				32BD7C8C2A6F59CD00216583 /* CWCLearningApp */,
				32BD7C8B2A6F59CD00216583 /* Products */,
			);
			sourceTree = "<group>";
		};
		32BD7C8B2A6F59CD00216583 /* Products */ = {
			isa = PBXGroup;
			children = (
				32BD7C8A2A6F59CD00216583 /* CWCLearningApp.app */,
			);
			name = Products;
			sourceTree = "<group>";
		};
		32BD7C8C2A6F59CD00216583 /* CWCLearningApp */ = {
			isa = PBXGroup;
			children = (
				32BD7C8D2A6F59CD00216583 /* CWCLearningApp.swift */,
				32BD7CA02A6F5AAE00216583 /* Utils */,
				32BD7C9F2A6F5AA000216583 /* View */,
				32BD7C9E2A6F5A8A00216583 /* ViewModel */,
				32BD7C9C2A6F5A7500216583 /* Model */,
				32BD7C9D2A6F5A7F00216583 /* Services */,
				32BD7C9B2A6F5A3600216583 /* Data */,
				32BD7C912A6F59CF00216583 /* Assets.xcassets */,
				32BD7C932A6F59CF00216583 /* Preview Content */,
			);
			path = CWCLearningApp;
			sourceTree = "<group>";
		};
		32BD7C932A6F59CF00216583 /* Preview Content */ = {
			isa = PBXGroup;
			children = (
				32BD7C942A6F59CF00216583 /* Preview Assets.xcassets */,
			);
			path = "Preview Content";
			sourceTree = "<group>";
		};
		32BD7C9B2A6F5A3600216583 /* Data */ = {
			isa = PBXGroup;
			children = (
				32F261112A6F5FA20018DD35 /* data.json */,
				32BD7CA72A6F64F400216583 /* style.html */,
			);
			path = Data;
			sourceTree = "<group>";
		};
		32BD7C9C2A6F5A7500216583 /* Model */ = {
			isa = PBXGroup;
			children = (
				32BD7CA92A6F661C00216583 /* Models.swift */,
			);
			path = Model;
			sourceTree = "<group>";
		};
		32BD7C9D2A6F5A7F00216583 /* Services */ = {
			isa = PBXGroup;
			children = (
				32BD7CAB2A6F6A0900216583 /* DataService.swift */,
			);
			path = Services;
			sourceTree = "<group>";
		};
		32BD7C9E2A6F5A8A00216583 /* ViewModel */ = {
			isa = PBXGroup;
			children = (
				32BD7CA12A6F5B6B00216583 /* ContentModel.swift */,
			);
			path = ViewModel;
			sourceTree = "<group>";
		};
		32BD7C9F2A6F5AA000216583 /* View */ = {
			isa = PBXGroup;
			children = (
				32BD7CAF2A7065FC00216583 /* ContentView.swift */,
				32BD7C8F2A6F59CD00216583 /* HomeView.swift */,
				32BD7CAD2A7018AC00216583 /* HomeViewRow.swift */,
			);
			path = View;
			sourceTree = "<group>";
		};
		32BD7CA02A6F5AAE00216583 /* Utils */ = {
			isa = PBXGroup;
			children = (
			);
			path = Utils;
			sourceTree = "<group>";
		};
/* End PBXGroup section */

/* Begin PBXNativeTarget section */
		32BD7C892A6F59CD00216583 /* CWCLearningApp */ = {
			isa = PBXNativeTarget;
			buildConfigurationList = 32BD7C982A6F59CF00216583 /* Build configuration list for PBXNativeTarget "CWCLearningApp" */;
			buildPhases = (
				32BD7C862A6F59CD00216583 /* Sources */,
				32BD7C872A6F59CD00216583 /* Frameworks */,
				32BD7C882A6F59CD00216583 /* Resources */,
			);
			buildRules = (
			);
			dependencies = (
			);
			name = CWCLearningApp;
			productName = CWCLearningApp;
			productReference = 32BD7C8A2A6F59CD00216583 /* CWCLearningApp.app */;
			productType = "com.apple.product-type.application";
		};
/* End PBXNativeTarget section */

/* Begin PBXProject section */
		32BD7C822A6F59CD00216583 /* Project object */ = {
			isa = PBXProject;
			attributes = {
				BuildIndependentTargetsInParallel = 1;
				LastSwiftUpdateCheck = 1430;
				LastUpgradeCheck = 1430;
				TargetAttributes = {
					32BD7C892A6F59CD00216583 = {
						CreatedOnToolsVersion = 14.3.1;
					};
				};
			};
			buildConfigurationList = 32BD7C852A6F59CD00216583 /* Build configuration list for PBXProject "CWCLearningApp" */;
			compatibilityVersion = "Xcode 14.0";
			developmentRegion = en;
			hasScannedForEncodings = 0;
			knownRegions = (
				en,
				Base,
			);
			mainGroup = 32BD7C812A6F59CC00216583;
			productRefGroup = 32BD7C8B2A6F59CD00216583 /* Products */;
			projectDirPath = "";
			projectRoot = "";
			targets = (
				32BD7C892A6F59CD00216583 /* CWCLearningApp */,
			);
		};
/* End PBXProject section */

/* Begin PBXResourcesBuildPhase section */
		32BD7C882A6F59CD00216583 /* Resources */ = {
			isa = PBXResourcesBuildPhase;
			buildActionMask = 2147483647;
			files = (
				32BD7C952A6F59CF00216583 /* Preview Assets.xcassets in Resources */,
				32F261122A6F5FA20018DD35 /* data.json in Resources */,
				32BD7CA82A6F64F400216583 /* style.html in Resources */,
				32BD7C922A6F59CF00216583 /* Assets.xcassets in Resources */,
			);
			runOnlyForDeploymentPostprocessing = 0;
		};
/* End PBXResourcesBuildPhase section */

/* Begin PBXSourcesBuildPhase section */
		32BD7C862A6F59CD00216583 /* Sources */ = {
			isa = PBXSourcesBuildPhase;
			buildActionMask = 2147483647;
			files = (
				32BD7C902A6F59CD00216583 /* HomeView.swift in Sources */,
				32BD7C8E2A6F59CD00216583 /* CWCLearningApp.swift in Sources */,
				32BD7CB02A7065FC00216583 /* ContentView.swift in Sources */,
				32BD7CA22A6F5B6B00216583 /* ContentModel.swift in Sources */,
				32BD7CAA2A6F661C00216583 /* Models.swift in Sources */,
				32BD7CAE2A7018AC00216583 /* HomeViewRow.swift in Sources */,
				32BD7CAC2A6F6A0900216583 /* DataService.swift in Sources */,
			);
			runOnlyForDeploymentPostprocessing = 0;
		};
/* End PBXSourcesBuildPhase section */

/* Begin XCBuildConfiguration section */
		32BD7C962A6F59CF00216583 /* Debug */ = {
			isa = XCBuildConfiguration;
			buildSettings = {
				ALWAYS_SEARCH_USER_PATHS = NO;
				CLANG_ANALYZER_NONNULL = YES;
				CLANG_ANALYZER_NUMBER_OBJECT_CONVERSION = YES_AGGRESSIVE;
				CLANG_CXX_LANGUAGE_STANDARD = "gnu++20";
				CLANG_ENABLE_MODULES = YES;
				CLANG_ENABLE_OBJC_ARC = YES;
				CLANG_ENABLE_OBJC_WEAK = YES;
				CLANG_WARN_BLOCK_CAPTURE_AUTORELEASING = YES;
				CLANG_WARN_BOOL_CONVERSION = YES;
				CLANG_WARN_COMMA = YES;
				CLANG_WARN_CONSTANT_CONVERSION = YES;
				CLANG_WARN_DEPRECATED_OBJC_IMPLEMENTATIONS = YES;
				CLANG_WARN_DIRECT_OBJC_ISA_USAGE = YES_ERROR;
				CLANG_WARN_DOCUMENTATION_COMMENTS = YES;
				CLANG_WARN_EMPTY_BODY = YES;
				CLANG_WARN_ENUM_CONVERSION = YES;
				CLANG_WARN_INFINITE_RECURSION = YES;
				CLANG_WARN_INT_CONVERSION = YES;
				CLANG_WARN_NON_LITERAL_NULL_CONVERSION = YES;
				CLANG_WARN_OBJC_IMPLICIT_RETAIN_SELF = YES;
				CLANG_WARN_OBJC_LITERAL_CONVERSION = YES;
				CLANG_WARN_OBJC_ROOT_CLASS = YES_ERROR;
				CLANG_WARN_QUOTED_INCLUDE_IN_FRAMEWORK_HEADER = YES;
				CLANG_WARN_RANGE_LOOP_ANALYSIS = YES;
				CLANG_WARN_STRICT_PROTOTYPES = YES;
				CLANG_WARN_SUSPICIOUS_MOVE = YES;
				CLANG_WARN_UNGUARDED_AVAILABILITY = YES_AGGRESSIVE;
				CLANG_WARN_UNREACHABLE_CODE = YES;
				CLANG_WARN__DUPLICATE_METHOD_MATCH = YES;
				COPY_PHASE_STRIP = NO;
				DEBUG_INFORMATION_FORMAT = dwarf;
				ENABLE_STRICT_OBJC_MSGSEND = YES;
				ENABLE_TESTABILITY = YES;
				GCC_C_LANGUAGE_STANDARD = gnu11;
				GCC_DYNAMIC_NO_PIC = NO;
				GCC_NO_COMMON_BLOCKS = YES;
				GCC_OPTIMIZATION_LEVEL = 0;
				GCC_PREPROCESSOR_DEFINITIONS = (
					"DEBUG=1",
					"$(inherited)",
				);
				GCC_WARN_64_TO_32_BIT_CONVERSION = YES;
				GCC_WARN_ABOUT_RETURN_TYPE = YES_ERROR;
				GCC_WARN_UNDECLARED_SELECTOR = YES;
				GCC_WARN_UNINITIALIZED_AUTOS = YES_AGGRESSIVE;
				GCC_WARN_UNUSED_FUNCTION = YES;
				GCC_WARN_UNUSED_VARIABLE = YES;
				IPHONEOS_DEPLOYMENT_TARGET = 16.4;
				MTL_ENABLE_DEBUG_INFO = INCLUDE_SOURCE;
				MTL_FAST_MATH = YES;
				ONLY_ACTIVE_ARCH = YES;
				SDKROOT = iphoneos;
				SWIFT_ACTIVE_COMPILATION_CONDITIONS = DEBUG;
				SWIFT_OPTIMIZATION_LEVEL = "-Onone";
			};
			name = Debug;
		};
		32BD7C972A6F59CF00216583 /* Release */ = {
			isa = XCBuildConfiguration;
			buildSettings = {
				ALWAYS_SEARCH_USER_PATHS = NO;
				CLANG_ANALYZER_NONNULL = YES;
				CLANG_ANALYZER_NUMBER_OBJECT_CONVERSION = YES_AGGRESSIVE;
				CLANG_CXX_LANGUAGE_STANDARD = "gnu++20";
				CLANG_ENABLE_MODULES = YES;
				CLANG_ENABLE_OBJC_ARC = YES;
				CLANG_ENABLE_OBJC_WEAK = YES;
				CLANG_WARN_BLOCK_CAPTURE_AUTORELEASING = YES;
				CLANG_WARN_BOOL_CONVERSION = YES;
				CLANG_WARN_COMMA = YES;
				CLANG_WARN_CONSTANT_CONVERSION = YES;
				CLANG_WARN_DEPRECATED_OBJC_IMPLEMENTATIONS = YES;
				CLANG_WARN_DIRECT_OBJC_ISA_USAGE = YES_ERROR;
				CLANG_WARN_DOCUMENTATION_COMMENTS = YES;
				CLANG_WARN_EMPTY_BODY = YES;
				CLANG_WARN_ENUM_CONVERSION = YES;
				CLANG_WARN_INFINITE_RECURSION = YES;
				CLANG_WARN_INT_CONVERSION = YES;
				CLANG_WARN_NON_LITERAL_NULL_CONVERSION = YES;
				CLANG_WARN_OBJC_IMPLICIT_RETAIN_SELF = YES;
				CLANG_WARN_OBJC_LITERAL_CONVERSION = YES;
				CLANG_WARN_OBJC_ROOT_CLASS = YES_ERROR;
				CLANG_WARN_QUOTED_INCLUDE_IN_FRAMEWORK_HEADER = YES;
				CLANG_WARN_RANGE_LOOP_ANALYSIS = YES;
				CLANG_WARN_STRICT_PROTOTYPES = YES;
				CLANG_WARN_SUSPICIOUS_MOVE = YES;
				CLANG_WARN_UNGUARDED_AVAILABILITY = YES_AGGRESSIVE;
				CLANG_WARN_UNREACHABLE_CODE = YES;
				CLANG_WARN__DUPLICATE_METHOD_MATCH = YES;
				COPY_PHASE_STRIP = NO;
				DEBUG_INFORMATION_FORMAT = "dwarf-with-dsym";
				ENABLE_NS_ASSERTIONS = NO;
				ENABLE_STRICT_OBJC_MSGSEND = YES;
				GCC_C_LANGUAGE_STANDARD = gnu11;
				GCC_NO_COMMON_BLOCKS = YES;
				GCC_WARN_64_TO_32_BIT_CONVERSION = YES;
				GCC_WARN_ABOUT_RETURN_TYPE = YES_ERROR;
				GCC_WARN_UNDECLARED_SELECTOR = YES;
				GCC_WARN_UNINITIALIZED_AUTOS = YES_AGGRESSIVE;
				GCC_WARN_UNUSED_FUNCTION = YES;
				GCC_WARN_UNUSED_VARIABLE = YES;
				IPHONEOS_DEPLOYMENT_TARGET = 16.4;
				MTL_ENABLE_DEBUG_INFO = NO;
				MTL_FAST_MATH = YES;
				SDKROOT = iphoneos;
				SWIFT_COMPILATION_MODE = wholemodule;
				SWIFT_OPTIMIZATION_LEVEL = "-O";
				VALIDATE_PRODUCT = YES;
			};
			name = Release;
		};
		32BD7C992A6F59CF00216583 /* Debug */ = {
			isa = XCBuildConfiguration;
			buildSettings = {
				ASSETCATALOG_COMPILER_APPICON_NAME = AppIcon;
				ASSETCATALOG_COMPILER_GLOBAL_ACCENT_COLOR_NAME = AccentColor;
				CODE_SIGN_STYLE = Automatic;
				CURRENT_PROJECT_VERSION = 1;
				DEVELOPMENT_ASSET_PATHS = "\"CWCLearningApp/Preview Content\"";
				DEVELOPMENT_TEAM = 2EJ34JNNW5;
				ENABLE_PREVIEWS = YES;
				GENERATE_INFOPLIST_FILE = YES;
				INFOPLIST_KEY_UIApplicationSceneManifest_Generation = YES;
				INFOPLIST_KEY_UIApplicationSupportsIndirectInputEvents = YES;
				INFOPLIST_KEY_UILaunchScreen_Generation = YES;
				INFOPLIST_KEY_UISupportedInterfaceOrientations_iPad = "UIInterfaceOrientationPortrait UIInterfaceOrientationPortraitUpsideDown UIInterfaceOrientationLandscapeLeft UIInterfaceOrientationLandscapeRight";
				INFOPLIST_KEY_UISupportedInterfaceOrientations_iPhone = "UIInterfaceOrientationPortrait UIInterfaceOrientationLandscapeLeft UIInterfaceOrientationLandscapeRight";
				LD_RUNPATH_SEARCH_PATHS = (
					"$(inherited)",
					"@executable_path/Frameworks",
				);
				MARKETING_VERSION = 1.0;
				PRODUCT_BUNDLE_IDENTIFIER = com.pateogroup.CWCLearningApp;
				PRODUCT_NAME = "$(TARGET_NAME)";
				SWIFT_EMIT_LOC_STRINGS = YES;
				SWIFT_VERSION = 5.0;
				TARGETED_DEVICE_FAMILY = "1,2";
			};
			name = Debug;
		};
		32BD7C9A2A6F59CF00216583 /* Release */ = {
			isa = XCBuildConfiguration;
			buildSettings = {
				ASSETCATALOG_COMPILER_APPICON_NAME = AppIcon;
				ASSETCATALOG_COMPILER_GLOBAL_ACCENT_COLOR_NAME = AccentColor;
				CODE_SIGN_STYLE = Automatic;
				CURRENT_PROJECT_VERSION = 1;
				DEVELOPMENT_ASSET_PATHS = "\"CWCLearningApp/Preview Content\"";
				DEVELOPMENT_TEAM = 2EJ34JNNW5;
				ENABLE_PREVIEWS = YES;
				GENERATE_INFOPLIST_FILE = YES;
				INFOPLIST_KEY_UIApplicationSceneManifest_Generation = YES;
				INFOPLIST_KEY_UIApplicationSupportsIndirectInputEvents = YES;
				INFOPLIST_KEY_UILaunchScreen_Generation = YES;
				INFOPLIST_KEY_UISupportedInterfaceOrientations_iPad = "UIInterfaceOrientationPortrait UIInterfaceOrientationPortraitUpsideDown UIInterfaceOrientationLandscapeLeft UIInterfaceOrientationLandscapeRight";
				INFOPLIST_KEY_UISupportedInterfaceOrientations_iPhone = "UIInterfaceOrientationPortrait UIInterfaceOrientationLandscapeLeft UIInterfaceOrientationLandscapeRight";
				LD_RUNPATH_SEARCH_PATHS = (
					"$(inherited)",
					"@executable_path/Frameworks",
				);
				MARKETING_VERSION = 1.0;
				PRODUCT_BUNDLE_IDENTIFIER = com.pateogroup.CWCLearningApp;
				PRODUCT_NAME = "$(TARGET_NAME)";
				SWIFT_EMIT_LOC_STRINGS = YES;
				SWIFT_VERSION = 5.0;
				TARGETED_DEVICE_FAMILY = "1,2";
			};
			name = Release;
		};
/* End XCBuildConfiguration section */

/* Begin XCConfigurationList section */
		32BD7C852A6F59CD00216583 /* Build configuration list for PBXProject "CWCLearningApp" */ = {
			isa = XCConfigurationList;
			buildConfigurations = (
				32BD7C962A6F59CF00216583 /* Debug */,
				32BD7C972A6F59CF00216583 /* Release */,
			);
			defaultConfigurationIsVisible = 0;
			defaultConfigurationName = Release;
		};
		32BD7C982A6F59CF00216583 /* Build configuration list for PBXNativeTarget "CWCLearningApp" */ = {
			isa = XCConfigurationList;
			buildConfigurations = (
				32BD7C992A6F59CF00216583 /* Debug */,
				32BD7C9A2A6F59CF00216583 /* Release */,
			);
			defaultConfigurationIsVisible = 0;
			defaultConfigurationName = Release;
		};
/* End XCConfigurationList section */
	};
	rootObject = 32BD7C822A6F59CD00216583 /* Project object */;
}
